
Microsoft Visual Studio Solution File, Format Version 12.00
# Visual Studio Version 17
VisualStudioVersion = 17.2.32630.192
MinimumVisualStudioVersion = 10.0.40219.1
Project("{FAE04EC0-301F-11D3-BF4B-00C04F79EFBC}") = "BossManager", "BossManager.csproj", "{0ABBDE3F-932E-46C3-A799-4BC9EE5AC0F2}"
EndProject
Global
	GlobalSection(SolutionConfigurationPlatforms) = preSolution
		Debug|Any CPU = Debug|Any CPU
		Release|Any CPU = Release|Any CPU
	EndGlobalSection
	GlobalSection(ProjectConfigurationPlatforms) = postSolution
		{0ABBDE3F-932E-46C3-A799-4BC9EE5AC0F2}.Debug|Any CPU.ActiveCfg = Debug|Any CPU
		{0ABBDE3F-932E-46C3-A799-4BC9EE5AC0F2}.Debug|Any CPU.Build.0 = Debug|Any CPU
		{0ABBDE3F-932E-46C3-A799-4BC9EE5AC0F2}.Release|Any CPU.ActiveCfg = Release|Any CPU
		{0ABBDE3F-932E-46C3-A799-4BC9EE5AC0F2}.Release|Any CPU.Build.0 = Release|Any CPU
	EndGlobalSection
	GlobalSection(SolutionProperties) = preSolution
		HideSolutionNode = FALSE
	EndGlobalSection
	GlobalSection(ExtensibilityGlobals) = postSolution
		SolutionGuid = {FE0FFD2B-E064-492D-9F85-4C23CE144753}
	EndGlobalSection
EndGlobal
